
Microsoft Visual Studio Solution File, Format Version 12.00
# Visual Studio Version 17
VisualStudioVersion = 17.0.31903.59
MinimumVisualStudioVersion = 10.0.40219.1
Project("{2150E333-8FDC-42A3-9474-1A3956D46DE8}") = "src", "src", "{A3A1980F-2C8C-429C-A18A-EA2AD361EC94}"
EndProject
Project("{FAE04EC0-301F-11D3-BF4B-00C04F79EFBC}") = "AegisPC.Core", "src\AegisPC.Core\AegisPC.Core.csproj", "{CD8ADFE8-8E05-49B0-AD24-2BE4EAA1FBEE}"
EndProject
Project("{FAE04EC0-301F-11D3-BF4B-00C04F79EFBC}") = "AegisPC.Contracts", "src\AegisPC.Contracts\AegisPC.Contracts.csproj", "{EB1C8BA0-902D-4F74-9450-8A265CA97559}"
EndProject
Project("{FAE04EC0-301F-11D3-BF4B-00C04F79EFBC}") = "AegisPC.Infrastructure", "src\AegisPC.Infrastructure\AegisPC.Infrastructure.csproj", "{2ABD36C6-EC49-4D17-9632-578430C6AA8B}"
EndProject
Project("{FAE04EC0-301F-11D3-BF4B-00C04F79EFBC}") = "AegisPC.Security", "src\AegisPC.Security\AegisPC.Security.csproj", "{A9573067-D2C9-4E16-8479-BF10627CCB75}"
EndProject
Project("{FAE04EC0-301F-11D3-BF4B-00C04F79EFBC}") = "AegisPC.Diagnostics", "src\AegisPC.Diagnostics\AegisPC.Diagnostics.csproj", "{97E03D93-DE48-4E02-A8E7-C3CE79EBB5B6}"
EndProject
Project("{FAE04EC0-301F-11D3-BF4B-00C04F79EFBC}") = "AegisPC.Performance", "src\AegisPC.Performance\AegisPC.Performance.csproj", "{F927CA69-B704-4696-85EA-791D7BBA99D3}"
EndProject
Project("{FAE04EC0-301F-11D3-BF4B-00C04F79EFBC}") = "AegisPC.BrowserSecurity", "src\AegisPC.BrowserSecurity\AegisPC.BrowserSecurity.csproj", "{29869CE9-65A3-47F9-9DA4-D0D0CA76A457}"
EndProject
Project("{FAE04EC0-301F-11D3-BF4B-00C04F79EFBC}") = "AegisPC.Persistence", "src\AegisPC.Persistence\AegisPC.Persistence.csproj", "{574B8F32-9B75-4D0A-9A0E-303173A5D642}"
EndProject
Project("{FAE04EC0-301F-11D3-BF4B-00C04F79EFBC}") = "AegisPC.Recommendations", "src\AegisPC.Recommendations\AegisPC.Recommendations.csproj", "{8E949610-5208-4CAB-ABC2-333EE082D8C5}"
EndProject
Project("{FAE04EC0-301F-11D3-BF4B-00C04F79EFBC}") = "AegisPC.App", "src\AegisPC.App\AegisPC.App.csproj", "{5869FC87-49FA-4BFB-8E8C-C8A1F763FA26}"
EndProject
Project("{FAE04EC0-301F-11D3-BF4B-00C04F79EFBC}") = "AegisPC.ServiceContracts", "src\AegisPC.ServiceContracts\AegisPC.ServiceContracts.csproj", "{B5208693-5A37-4D04-8E82-BA794C5712E1}"
EndProject
Project("{FAE04EC0-301F-11D3-BF4B-00C04F79EFBC}") = "AegisPC.Service", "src\AegisPC.Service\AegisPC.Service.csproj", "{9DA5A831-DEB0-4A59-AC1F-CFBAEEA0074F}"
EndProject
Project("{2150E333-8FDC-42A3-9474-1A3956D46DE8}") = "tools", "tools", "{6479DDF4-5D3B-440E-8326-1BA5AC3455E4}"
EndProject
Project("{FAE04EC0-301F-11D3-BF4B-00C04F79EFBC}") = "AegisPC.ElevatedHelper", "tools\AegisPC.ElevatedHelper\AegisPC.ElevatedHelper.csproj", "{D208C6CB-BE97-4CC5-A2FA-837B14ED28FC}"
EndProject
Project("{2150E333-8FDC-42A3-9474-1A3956D46DE8}") = "tests", "tests", "{56F822BF-154F-4FDE-9A28-52621FBC53D1}"
EndProject
Project("{FAE04EC0-301F-11D3-BF4B-00C04F79EFBC}") = "AegisPC.Tests", "tests\AegisPC.Tests\AegisPC.Tests.csproj", "{4D40FBFB-5D10-4E14-A3B1-4A797BF986A6}"
EndProject
Global
	GlobalSection(SolutionConfigurationPlatforms) = preSolution
		Debug|Any CPU = Debug|Any CPU
		Release|Any CPU = Release|Any CPU
	EndGlobalSection
	GlobalSection(SolutionProperties) = preSolution
		HideSolutionNode = FALSE
	EndGlobalSection
	GlobalSection(ProjectConfigurationPlatforms) = postSolution
		{CD8ADFE8-8E05-49B0-AD24-2BE4EAA1FBEE}.Debug|Any CPU.ActiveCfg = Debug|Any CPU
		{CD8ADFE8-8E05-49B0-AD24-2BE4EAA1FBEE}.Debug|Any CPU.Build.0 = Debug|Any CPU
		{CD8ADFE8-8E05-49B0-AD24-2BE4EAA1FBEE}.Release|Any CPU.ActiveCfg = Release|Any CPU
		{CD8ADFE8-8E05-49B0-AD24-2BE4EAA1FBEE}.Release|Any CPU.Build.0 = Release|Any CPU
		{EB1C8BA0-902D-4F74-9450-8A265CA97559}.Debug|Any CPU.ActiveCfg = Debug|Any CPU
		{EB1C8BA0-902D-4F74-9450-8A265CA97559}.Debug|Any CPU.Build.0 = Debug|Any CPU
		{EB1C8BA0-902D-4F74-9450-8A265CA97559}.Release|Any CPU.ActiveCfg = Release|Any CPU
		{EB1C8BA0-902D-4F74-9450-8A265CA97559}.Release|Any CPU.Build.0 = Release|Any CPU
		{2ABD36C6-EC49-4D17-9632-578430C6AA8B}.Debug|Any CPU.ActiveCfg = Debug|Any CPU
		{2ABD36C6-EC49-4D17-9632-578430C6AA8B}.Debug|Any CPU.Build.0 = Debug|Any CPU
		{2ABD36C6-EC49-4D17-9632-578430C6AA8B}.Release|Any CPU.ActiveCfg = Release|Any CPU
		{2ABD36C6-EC49-4D17-9632-578430C6AA8B}.Release|Any CPU.Build.0 = Release|Any CPU
		{A9573067-D2C9-4E16-8479-BF10627CCB75}.Debug|Any CPU.ActiveCfg = Debug|Any CPU
		{A9573067-D2C9-4E16-8479-BF10627CCB75}.Debug|Any CPU.Build.0 = Debug|Any CPU
		{A9573067-D2C9-4E16-8479-BF10627CCB75}.Release|Any CPU.ActiveCfg = Release|Any CPU
		{A9573067-D2C9-4E16-8479-BF10627CCB75}.Release|Any CPU.Build.0 = Release|Any CPU
		{97E03D93-DE48-4E02-A8E7-C3CE79EBB5B6}.Debug|Any CPU.ActiveCfg = Debug|Any CPU
		{97E03D93-DE48-4E02-A8E7-C3CE79EBB5B6}.Debug|Any CPU.Build.0 = Debug|Any CPU
		{97E03D93-DE48-4E02-A8E7-C3CE79EBB5B6}.Release|Any CPU.ActiveCfg = Release|Any CPU
		{97E03D93-DE48-4E02-A8E7-C3CE79EBB5B6}.Release|Any CPU.Build.0 = Release|Any CPU
		{F927CA69-B704-4696-85EA-791D7BBA99D3}.Debug|Any CPU.ActiveCfg = Debug|Any CPU
		{F927CA69-B704-4696-85EA-791D7BBA99D3}.Debug|Any CPU.Build.0 = Debug|Any CPU
		{F927CA69-B704-4696-85EA-791D7BBA99D3}.Release|Any CPU.ActiveCfg = Release|Any CPU
		{F927CA69-B704-4696-85EA-791D7BBA99D3}.Release|Any CPU.Build.0 = Release|Any CPU
		{29869CE9-65A3-47F9-9DA4-D0D0CA76A457}.Debug|Any CPU.ActiveCfg = Debug|Any CPU
		{29869CE9-65A3-47F9-9DA4-D0D0CA76A457}.Debug|Any CPU.Build.0 = Debug|Any CPU
		{29869CE9-65A3-47F9-9DA4-D0D0CA76A457}.Release|Any CPU.ActiveCfg = Release|Any CPU
		{29869CE9-65A3-47F9-9DA4-D0D0CA76A457}.Release|Any CPU.Build.0 = Release|Any CPU
		{574B8F32-9B75-4D0A-9A0E-303173A5D642}.Debug|Any CPU.ActiveCfg = Debug|Any CPU
		{574B8F32-9B75-4D0A-9A0E-303173A5D642}.Debug|Any CPU.Build.0 = Debug|Any CPU
		{574B8F32-9B75-4D0A-9A0E-303173A5D642}.Release|Any CPU.ActiveCfg = Release|Any CPU
		{574B8F32-9B75-4D0A-9A0E-303173A5D642}.Release|Any CPU.Build.0 = Release|Any CPU
		{8E949610-5208-4CAB-ABC2-333EE082D8C5}.Debug|Any CPU.ActiveCfg = Debug|Any CPU
		{8E949610-5208-4CAB-ABC2-333EE082D8C5}.Debug|Any CPU.Build.0 = Debug|Any CPU
		{8E949610-5208-4CAB-ABC2-333EE082D8C5}.Release|Any CPU.ActiveCfg = Release|Any CPU
		{8E949610-5208-4CAB-ABC2-333EE082D8C5}.Release|Any CPU.Build.0 = Release|Any CPU
		{5869FC87-49FA-4BFB-8E8C-C8A1F763FA26}.Debug|Any CPU.ActiveCfg = Debug|Any CPU
		{5869FC87-49FA-4BFB-8E8C-C8A1F763FA26}.Debug|Any CPU.Build.0 = Debug|Any CPU
		{5869FC87-49FA-4BFB-8E8C-C8A1F763FA26}.Release|Any CPU.ActiveCfg = Release|Any CPU
		{5869FC87-49FA-4BFB-8E8C-C8A1F763FA26}.Release|Any CPU.Build.0 = Release|Any CPU
		{D208C6CB-BE97-4CC5-A2FA-837B14ED28FC}.Debug|Any CPU.ActiveCfg = Debug|Any CPU
		{D208C6CB-BE97-4CC5-A2FA-837B14ED28FC}.Debug|Any CPU.Build.0 = Debug|Any CPU
		{D208C6CB-BE97-4CC5-A2FA-837B14ED28FC}.Release|Any CPU.ActiveCfg = Release|Any CPU
		{D208C6CB-BE97-4CC5-A2FA-837B14ED28FC}.Release|Any CPU.Build.0 = Release|Any CPU
		{4D40FBFB-5D10-4E14-A3B1-4A797BF986A6}.Debug|Any CPU.ActiveCfg = Debug|Any CPU
		{4D40FBFB-5D10-4E14-A3B1-4A797BF986A6}.Debug|Any CPU.Build.0 = Debug|Any CPU
		{4D40FBFB-5D10-4E14-A3B1-4A797BF986A6}.Release|Any CPU.ActiveCfg = Release|Any CPU
		{4D40FBFB-5D10-4E14-A3B1-4A797BF986A6}.Release|Any CPU.Build.0 = Release|Any CPU
		{B5208693-5A37-4D04-8E82-BA794C5712E1}.Debug|Any CPU.ActiveCfg = Debug|Any CPU
		{B5208693-5A37-4D04-8E82-BA794C5712E1}.Debug|Any CPU.Build.0 = Debug|Any CPU
		{B5208693-5A37-4D04-8E82-BA794C5712E1}.Release|Any CPU.ActiveCfg = Release|Any CPU
		{B5208693-5A37-4D04-8E82-BA794C5712E1}.Release|Any CPU.Build.0 = Release|Any CPU
		{9DA5A831-DEB0-4A59-AC1F-CFBAEEA0074F}.Debug|Any CPU.ActiveCfg = Debug|Any CPU
		{9DA5A831-DEB0-4A59-AC1F-CFBAEEA0074F}.Debug|Any CPU.Build.0 = Debug|Any CPU
		{9DA5A831-DEB0-4A59-AC1F-CFBAEEA0074F}.Release|Any CPU.ActiveCfg = Release|Any CPU
		{9DA5A831-DEB0-4A59-AC1F-CFBAEEA0074F}.Release|Any CPU.Build.0 = Release|Any CPU
	EndGlobalSection
	GlobalSection(NestedProjects) = preSolution
		{CD8ADFE8-8E05-49B0-AD24-2BE4EAA1FBEE} = {A3A1980F-2C8C-429C-A18A-EA2AD361EC94}
		{EB1C8BA0-902D-4F74-9450-8A265CA97559} = {A3A1980F-2C8C-429C-A18A-EA2AD361EC94}
		{2ABD36C6-EC49-4D17-9632-578430C6AA8B} = {A3A1980F-2C8C-429C-A18A-EA2AD361EC94}
		{A9573067-D2C9-4E16-8479-BF10627CCB75} = {A3A1980F-2C8C-429C-A18A-EA2AD361EC94}
		{97E03D93-DE48-4E02-A8E7-C3CE79EBB5B6} = {A3A1980F-2C8C-429C-A18A-EA2AD361EC94}
		{F927CA69-B704-4696-85EA-791D7BBA99D3} = {A3A1980F-2C8C-429C-A18A-EA2AD361EC94}
		{29869CE9-65A3-47F9-9DA4-D0D0CA76A457} = {A3A1980F-2C8C-429C-A18A-EA2AD361EC94}
		{574B8F32-9B75-4D0A-9A0E-303173A5D642} = {A3A1980F-2C8C-429C-A18A-EA2AD361EC94}
		{8E949610-5208-4CAB-ABC2-333EE082D8C5} = {A3A1980F-2C8C-429C-A18A-EA2AD361EC94}
		{5869FC87-49FA-4BFB-8E8C-C8A1F763FA26} = {A3A1980F-2C8C-429C-A18A-EA2AD361EC94}
		{D208C6CB-BE97-4CC5-A2FA-837B14ED28FC} = {6479DDF4-5D3B-440E-8326-1BA5AC3455E4}
		{4D40FBFB-5D10-4E14-A3B1-4A797BF986A6} = {56F822BF-154F-4FDE-9A28-52621FBC53D1}
		{B5208693-5A37-4D04-8E82-BA794C5712E1} = {A3A1980F-2C8C-429C-A18A-EA2AD361EC94}
		{9DA5A831-DEB0-4A59-AC1F-CFBAEEA0074F} = {A3A1980F-2C8C-429C-A18A-EA2AD361EC94}
	EndGlobalSection
EndGlobal
